
Microsoft Visual Studio Solution File, Format Version 12.00
# Visual Studio Version 16
VisualStudioVersion = 16.0.31624.102
MinimumVisualStudioVersion = 10.0.40219.1
Project("{FAE04EC0-301F-11D3-BF4B-00C04F79EFBC}") = "DiscordBot_Dragon", "DiscordBot_Dragon.csproj", "{AA0F7DC6-C5BA-4966-9392-E29A0A39121D}"
EndProject
Global
	GlobalSection(SolutionConfigurationPlatforms) = preSolution
		Debug|Any CPU = Debug|Any CPU
		Release|Any CPU = Release|Any CPU
	EndGlobalSection
	GlobalSection(ProjectConfigurationPlatforms) = postSolution
		{AA0F7DC6-C5BA-4966-9392-E29A0A39121D}.Debug|Any CPU.ActiveCfg = Debug|Any CPU
		{AA0F7DC6-C5BA-4966-9392-E29A0A39121D}.Debug|Any CPU.Build.0 = Debug|Any CPU
		{AA0F7DC6-C5BA-4966-9392-E29A0A39121D}.Release|Any CPU.ActiveCfg = Release|Any CPU
		{AA0F7DC6-C5BA-4966-9392-E29A0A39121D}.Release|Any CPU.Build.0 = Release|Any CPU
	EndGlobalSection
	GlobalSection(SolutionProperties) = preSolution
		HideSolutionNode = FALSE
	EndGlobalSection
	GlobalSection(ExtensibilityGlobals) = postSolution
		SolutionGuid = {89F44014-7E5F-46CC-89CF-38CFCA450847}
	EndGlobalSection
EndGlobal
